// !$*UTF8*$!
{
	archiveVersion = 1;
	classes = {
	};
	objectVersion = 46;
	objects = {

/* Begin PBXBuildFile section */
		329A055F1A1FF411008C0549 /* Table.cpp in Sources */ = {isa = PBXBuildFile; fileRef = 329A055C1A1FF411008C0549 /* Table.cpp */; };
		32B3E2951A3036F600937761 /* grades.cpp in Sources */ = {isa = PBXBuildFile; fileRef = 32B3E2941A3036F600937761 /* grades.cpp */; };
/* End PBXBuildFile section */

/* Begin PBXCopyFilesBuildPhase section */
		329A054D1A1FF3CA008C0549 /* CopyFiles */ = {
			isa = PBXCopyFilesBuildPhase;
			buildActionMask = 2147483647;
			dstPath = /usr/share/man/man1/;
			dstSubfolderSpec = 0;
			files = (
			);
			runOnlyForDeploymentPostprocessing = 1;
		};
/* End PBXCopyFilesBuildPhase section */

/* Begin PBXFileReference section */
		329A054F1A1FF3CB008C0549 /* pa5 */ = {isa = PBXFileReference; explicitFileType = "compiled.mach-o.executable"; includeInIndex = 0; path = pa5; sourceTree = BUILT_PRODUCTS_DIR; };
		329A05591A1FF3F9008C0549 /* Table.h */ = {isa = PBXFileReference; lastKnownFileType = sourcecode.c.h; path = Table.h; sourceTree = "<group>"; };
		329A055C1A1FF411008C0549 /* Table.cpp */ = {isa = PBXFileReference; fileEncoding = 4; lastKnownFileType = sourcecode.cpp.cpp; path = Table.cpp; sourceTree = "<group>"; };
		32B3E2941A3036F600937761 /* grades.cpp */ = {isa = PBXFileReference; fileEncoding = 4; lastKnownFileType = sourcecode.cpp.cpp; path = grades.cpp; sourceTree = "<group>"; };
/* End PBXFileReference section */

/* Begin PBXFrameworksBuildPhase section */
		329A054C1A1FF3CA008C0549 /* Frameworks */ = {
			isa = PBXFrameworksBuildPhase;
			buildActionMask = 2147483647;
			files = (
			);
			runOnlyForDeploymentPostprocessing = 0;
		};
/* End PBXFrameworksBuildPhase section */

/* Begin PBXGroup section */
		329A05461A1FF3CA008C0549 = {
			isa = PBXGroup;
			children = (
				329A05511A1FF3CB008C0549 /* pa5 */,
				329A05501A1FF3CB008C0549 /* Products */,
			);
			sourceTree = "<group>";
		};
		329A05501A1FF3CB008C0549 /* Products */ = {
			isa = PBXGroup;
			children = (
				329A054F1A1FF3CB008C0549 /* pa5 */,
			);
			name = Products;
			sourceTree = "<group>";
		};
		329A05511A1FF3CB008C0549 /* pa5 */ = {
			isa = PBXGroup;
			children = (
				329A055C1A1FF411008C0549 /* Table.cpp */,
				32B3E2941A3036F600937761 /* grades.cpp */,
				329A05591A1FF3F9008C0549 /* Table.h */,
			);
			path = pa5;
			sourceTree = "<group>";
		};
/* End PBXGroup section */

/* Begin PBXNativeTarget section */
		329A054E1A1FF3CA008C0549 /* pa5 */ = {
			isa = PBXNativeTarget;
			buildConfigurationList = 329A05561A1FF3CB008C0549 /* Build configuration list for PBXNativeTarget "pa5" */;
			buildPhases = (
				329A054B1A1FF3CA008C0549 /* Sources */,
				329A054C1A1FF3CA008C0549 /* Frameworks */,
				329A054D1A1FF3CA008C0549 /* CopyFiles */,
			);
			buildRules = (
			);
			dependencies = (
			);
			name = pa5;
			productName = pa5;
			productReference = 329A054F1A1FF3CB008C0549 /* pa5 */;
			productType = "com.apple.product-type.tool";
		};
/* End PBXNativeTarget section */

/* Begin PBXProject section */
		329A05471A1FF3CA008C0549 /* Project object */ = {
			isa = PBXProject;
			attributes = {
				LastUpgradeCheck = 0610;
				ORGANIZATIONNAME = "Bruce Campbell";
				TargetAttributes = {
					329A054E1A1FF3CA008C0549 = {
						CreatedOnToolsVersion = 6.1;
					};
				};
			};
			buildConfigurationList = 329A054A1A1FF3CA008C0549 /* Build configuration list for PBXProject "pa5" */;
			compatibilityVersion = "Xcode 3.2";
			developmentRegion = English;
			hasScannedForEncodings = 0;
			knownRegions = (
				en,
			);
			mainGroup = 329A05461A1FF3CA008C0549;
			productRefGroup = 329A05501A1FF3CB008C0549 /* Products */;
			projectDirPath = "";
			projectRoot = "";
			targets = (
				329A054E1A1FF3CA008C0549 /* pa5 */,
			);
		};
/* End PBXProject section */

/* Begin PBXSourcesBuildPhase section */
		329A054B1A1FF3CA008C0549 /* Sources */ = {
			isa = PBXSourcesBuildPhase;
			buildActionMask = 2147483647;
			files = (
				329A055F1A1FF411008C0549 /* Table.cpp in Sources */,
				32B3E2951A3036F600937761 /* grades.cpp in Sources */,
			);
			runOnlyForDeploymentPostprocessing = 0;
		};
/* End PBXSourcesBuildPhase section */

/* Begin XCBuildConfiguration section */
		329A05541A1FF3CB008C0549 /* Debug */ = {
			isa = XCBuildConfiguration;
			buildSettings = {
				ALWAYS_SEARCH_USER_PATHS = NO;
				CLANG_CXX_LANGUAGE_STANDARD = "gnu++0x";
				CLANG_CXX_LIBRARY = "libc++";
				CLANG_ENABLE_MODULES = YES;
				CLANG_ENABLE_OBJC_ARC = YES;
				CLANG_WARN_BOOL_CONVERSION = YES;
				CLANG_WARN_CONSTANT_CONVERSION = YES;
				CLANG_WARN_DIRECT_OBJC_ISA_USAGE = YES_ERROR;
				CLANG_WARN_EMPTY_BODY = YES;
				CLANG_WARN_ENUM_CONVERSION = YES;
				CLANG_WARN_INT_CONVERSION = YES;
				CLANG_WARN_OBJC_ROOT_CLASS = YES_ERROR;
				CLANG_WARN_UNREACHABLE_CODE = YES;
				CLANG_WARN__DUPLICATE_METHOD_MATCH = YES;
				COPY_PHASE_STRIP = NO;
				ENABLE_STRICT_OBJC_MSGSEND = YES;
				GCC_C_LANGUAGE_STANDARD = gnu99;
				GCC_DYNAMIC_NO_PIC = NO;
				GCC_OPTIMIZATION_LEVEL = 0;
				GCC_PREPROCESSOR_DEFINITIONS = (
					"DEBUG=1",
					"$(inherited)",
				);
				GCC_SYMBOLS_PRIVATE_EXTERN = NO;
				GCC_WARN_64_TO_32_BIT_CONVERSION = YES;
				GCC_WARN_ABOUT_RETURN_TYPE = YES_ERROR;
				GCC_WARN_UNDECLARED_SELECTOR = YES;
				GCC_WARN_UNINITIALIZED_AUTOS = YES_AGGRESSIVE;
				GCC_WARN_UNUSED_FUNCTION = YES;
				GCC_WARN_UNUSED_VARIABLE = YES;
				MACOSX_DEPLOYMENT_TARGET = 10.10;
				MTL_ENABLE_DEBUG_INFO = YES;
				ONLY_ACTIVE_ARCH = YES;
				SDKROOT = macosx;
			};
			name = Debug;
		};
		329A05551A1FF3CB008C0549 /* Release */ = {
			isa = XCBuildConfiguration;
			buildSettings = {
				ALWAYS_SEARCH_USER_PATHS = NO;
				CLANG_CXX_LANGUAGE_STANDARD = "gnu++0x";
				CLANG_CXX_LIBRARY = "libc++";
				CLANG_ENABLE_MODULES = YES;
				CLANG_ENABLE_OBJC_ARC = YES;
				CLANG_WARN_BOOL_CONVERSION = YES;
				CLANG_WARN_CONSTANT_CONVERSION = YES;
				CLANG_WARN_DIRECT_OBJC_ISA_USAGE = YES_ERROR;
				CLANG_WARN_EMPTY_BODY = YES;
				CLANG_WARN_ENUM_CONVERSION = YES;
				CLANG_WARN_INT_CONVERSION = YES;
				CLANG_WARN_OBJC_ROOT_CLASS = YES_ERROR;
				CLANG_WARN_UNREACHABLE_CODE = YES;
				CLANG_WARN__DUPLICATE_METHOD_MATCH = YES;
				COPY_PHASE_STRIP = YES;
				DEBUG_INFORMATION_FORMAT = "dwarf-with-dsym";
				ENABLE_NS_ASSERTIONS = NO;
				ENABLE_STRICT_OBJC_MSGSEND = YES;
				GCC_C_LANGUAGE_STANDARD = gnu99;
				GCC_WARN_64_TO_32_BIT_CONVERSION = YES;
				GCC_WARN_ABOUT_RETURN_TYPE = YES_ERROR;
				GCC_WARN_UNDECLARED_SELECTOR = YES;
				GCC_WARN_UNINITIALIZED_AUTOS = YES_AGGRESSIVE;
				GCC_WARN_UNUSED_FUNCTION = YES;
				GCC_WARN_UNUSED_VARIABLE = YES;
				MACOSX_DEPLOYMENT_TARGET = 10.10;
				MTL_ENABLE_DEBUG_INFO = NO;
				SDKROOT = macosx;
			};
			name = Release;
		};
		329A05571A1FF3CB008C0549 /* Debug */ = {
			isa = XCBuildConfiguration;
			buildSettings = {
				PRODUCT_NAME = "$(TARGET_NAME)";
			};
			name = Debug;
		};
		329A05581A1FF3CB008C0549 /* Release */ = {
			isa = XCBuildConfiguration;
			buildSettings = {
				PRODUCT_NAME = "$(TARGET_NAME)";
			};
			name = Release;
		};
/* End XCBuildConfiguration section */

/* Begin XCConfigurationList section */
		329A054A1A1FF3CA008C0549 /* Build configuration list for PBXProject "pa5" */ = {
			isa = XCConfigurationList;
			buildConfigurations = (
				329A05541A1FF3CB008C0549 /* Debug */,
				329A05551A1FF3CB008C0549 /* Release */,
			);
			defaultConfigurationIsVisible = 0;
			defaultConfigurationName = Release;
		};
		329A05561A1FF3CB008C0549 /* Build configuration list for PBXNativeTarget "pa5" */ = {
			isa = XCConfigurationList;
			buildConfigurations = (
				329A05571A1FF3CB008C0549 /* Debug */,
				329A05581A1FF3CB008C0549 /* Release */,
			);
			defaultConfigurationIsVisible = 0;
			defaultConfigurationName = Release;
		};
/* End XCConfigurationList section */
	};
	rootObject = 329A05471A1FF3CA008C0549 /* Project object */;
}
